<?xml version="1.0" encoding="utf-8"?>
<Project ToolsVersion="4.0" xmlns="http://schemas.microsoft.com/developer/msbuild/2003">
  <ItemGroup>
    <Filter Include="Source Files">
      <UniqueIdentifier>{4FC737F1-C7A5-4376-A066-2A32D752A2FF}</UniqueIdentifier>
      <Extensions>cpp;c;cc;cxx;c++;cppm;ixx;def;odl;idl;hpj;bat;asm;asmx</Extensions>
    </Filter>
    <Filter Include="Header Files">
      <UniqueIdentifier>{93995380-89BD-4b04-88EB-625FBE52EBFB}</UniqueIdentifier>
      <Extensions>h;hh;hpp;hxx;h++;hm;inl;inc;ipp;xsd</Extensions>
    </Filter>
    <Filter Include="Resource Files">
      <UniqueIdentifier>{67DA6AB6-F800-4c08-8B7A-83BB121AAD01}</UniqueIdentifier>
      <Extensions>rc;ico;cur;bmp;dlg;rc2;rct;bin;rgs;gif;jpg;jpeg;jpe;resx;tiff;tif;png;wav;mfcribbon-ms</Extensions>
    </Filter>
    <Filter Include="state">
      <UniqueIdentifier>{3cc0e05b-f323-4ee2-b852-1a32f0ebe56c}</UniqueIdentifier>
    </Filter>
    <Filter Include="physics">
      <UniqueIdentifier>{60fd3ce7-9112-4da1-bc00-199d3b94fffe}</UniqueIdentifier>
    </Filter>
    <Filter Include="math">
      <UniqueIdentifier>{b12391ff-3b89-4bd8-a2b2-5ac2b93db874}</UniqueIdentifier>
    </Filter>
    <Filter Include="simulation">
      <UniqueIdentifier>{d39e13a6-277e-49a9-a22d-02f183e189ba}</UniqueIdentifier>
    </Filter>
    <Filter Include="rendering">
      <UniqueIdentifier>{0fd9ef5d-9917-48c0-879b-3f7e0ce7fb59}</UniqueIdentifier>
    </Filter>
  </ItemGroup>
  <ItemGroup>
    <ClCompile Include="main.cpp">
      <Filter>Source Files</Filter>
    </ClCompile>
    <ClCompile Include="Simulation.cpp">
      <Filter>simulation</Filter>
    </ClCompile>
    <ClCompile Include="Integrator.hpp">
      <Filter>math</Filter>
    </ClCompile>
    <ClCompile Include="Renderer.hpp">
      <Filter>rendering</Filter>
    </ClCompile>
  </ItemGroup>
  <ItemGroup>
    <ClInclude Include="math\Vector2.hpp">
      <Filter>math</Filter>
    </ClInclude>
    <ClInclude Include="state\WorldState.hpp">
      <Filter>state</Filter>
    </ClInclude>
    <ClInclude Include="simulation\Simulation.hpp">
      <Filter>simulation</Filter>
    </ClInclude>
    <ClInclude Include="physics\Force.hpp">
      <Filter>Header Files</Filter>
    </ClInclude>
    <ClInclude Include="state\RigidBody.hpp">
      <Filter>physics</Filter>
    </ClInclude>
  </ItemGroup>
</Project>